# THIS IS AN AUTOGENERATED FILE. DO NOT EDIT THIS FILE DIRECTLY.
# yarn lockfile v1


prettier@^1.15.2:
  version "1.15.2"
  resolved "https://registry.yarnpkg.com/prettier/-/prettier-1.15.2.tgz#d31abe22afa4351efa14c7f8b94b58bb7452205e"
  integrity sha512-YgPLFFA0CdKL4Eg2IHtUSjzj/BWgszDHiNQAe0VAIBse34148whfdzLagRL+QiKS+YfK5ftB6X4v/MBw8yCoug==
